// !$*UTF8*$!
{
	archiveVersion = 1;
	classes = {
	};
	objectVersion = 46;
	objects = {

/* Begin PBXBuildFile section */
		E8178EAD18CAEB210027BD55 /* XCTest.framework in Frameworks */ = {isa = PBXBuildFile; fileRef = E870C4C218C7E1D700456AF4 /* XCTest.framework */; };
		E8178EB318CAEB210027BD55 /* InfoPlist.strings in Resources */ = {isa = PBXBuildFile; fileRef = E8178EB118CAEB210027BD55 /* InfoPlist.strings */; };
		E8178EB518CAEB210027BD55 /* CMUSLyricsPluginTests.m in Sources */ = {isa = PBXBuildFile; fileRef = E8178EB418CAEB210027BD55 /* CMUSLyricsPluginTests.m */; };
		E8178EBD18CAEB320027BD55 /* LyricsClassTest.mm in Sources */ = {isa = PBXBuildFile; fileRef = E8178EBC18CAEB320027BD55 /* LyricsClassTest.mm */; };
		E854589018C98EB500900C99 /* EXView.mm in Sources */ = {isa = PBXBuildFile; fileRef = E854588F18C98EB500900C99 /* EXView.mm */; };
		E854589218C9AA3B00900C99 /* cmuslyrics-20.tif in Resources */ = {isa = PBXBuildFile; fileRef = E854589118C9AA3B00900C99 /* cmuslyrics-20.tif */; };
		E870C4A418C7E1D600456AF4 /* Cocoa.framework in Frameworks */ = {isa = PBXBuildFile; fileRef = E870C4A318C7E1D600456AF4 /* Cocoa.framework */; };
		E870C4AE18C7E1D600456AF4 /* InfoPlist.strings in Resources */ = {isa = PBXBuildFile; fileRef = E870C4AC18C7E1D600456AF4 /* InfoPlist.strings */; };
		E870C4B018C7E1D600456AF4 /* main.mm in Sources */ = {isa = PBXBuildFile; fileRef = E870C4AF18C7E1D600456AF4 /* main.mm */; };
		E870C4B418C7E1D600456AF4 /* Credits.rtf in Resources */ = {isa = PBXBuildFile; fileRef = E870C4B218C7E1D600456AF4 /* Credits.rtf */; };
		E870C4B718C7E1D700456AF4 /* AppDelegate.mm in Sources */ = {isa = PBXBuildFile; fileRef = E870C4B618C7E1D700456AF4 /* AppDelegate.mm */; };
		E870C4BA18C7E1D700456AF4 /* MainMenu.xib in Resources */ = {isa = PBXBuildFile; fileRef = E870C4B818C7E1D700456AF4 /* MainMenu.xib */; };
		E870C4BC18C7E1D700456AF4 /* Images.xcassets in Resources */ = {isa = PBXBuildFile; fileRef = E870C4BB18C7E1D700456AF4 /* Images.xcassets */; };
		E870C4D918C7E2AF00456AF4 /* Lyrics.cpp in Sources */ = {isa = PBXBuildFile; fileRef = E870C4D718C7E2AF00456AF4 /* Lyrics.cpp */; };
		E870C4DF18C81E7F00456AF4 /* CmusStatus.cpp in Sources */ = {isa = PBXBuildFile; fileRef = E870C4DD18C81E7F00456AF4 /* CmusStatus.cpp */; };
/* End PBXBuildFile section */

/* Begin PBXContainerItemProxy section */
		E8178EB718CAEB210027BD55 /* PBXContainerItemProxy */ = {
			isa = PBXContainerItemProxy;
			containerPortal = E870C49818C7E1D600456AF4 /* Project object */;
			proxyType = 1;
			remoteGlobalIDString = E870C49F18C7E1D600456AF4;
			remoteInfo = "CMUS Lyrics Plugin";
		};
/* End PBXContainerItemProxy section */

/* Begin PBXFileReference section */
		E8178EAC18CAEB210027BD55 /* CMUSLyricsPluginTests.xctest */ = {isa = PBXFileReference; explicitFileType = wrapper.cfbundle; includeInIndex = 0; path = CMUSLyricsPluginTests.xctest; sourceTree = BUILT_PRODUCTS_DIR; };
		E8178EB018CAEB210027BD55 /* CMUSLyricsPluginTests-Info.plist */ = {isa = PBXFileReference; lastKnownFileType = text.plist.xml; path = "CMUSLyricsPluginTests-Info.plist"; sourceTree = "<group>"; };
		E8178EB218CAEB210027BD55 /* en */ = {isa = PBXFileReference; lastKnownFileType = text.plist.strings; name = en; path = en.lproj/InfoPlist.strings; sourceTree = "<group>"; };
		E8178EB418CAEB210027BD55 /* CMUSLyricsPluginTests.m */ = {isa = PBXFileReference; lastKnownFileType = sourcecode.c.objc; path = CMUSLyricsPluginTests.m; sourceTree = "<group>"; };
		E8178EB618CAEB210027BD55 /* CMUSLyricsPluginTests-Prefix.pch */ = {isa = PBXFileReference; lastKnownFileType = sourcecode.c.h; path = "CMUSLyricsPluginTests-Prefix.pch"; sourceTree = "<group>"; };
		E8178EBC18CAEB320027BD55 /* LyricsClassTest.mm */ = {isa = PBXFileReference; fileEncoding = 4; lastKnownFileType = sourcecode.cpp.objcpp; path = LyricsClassTest.mm; sourceTree = "<group>"; };
		E854588E18C98EB500900C99 /* EXView.h */ = {isa = PBXFileReference; fileEncoding = 4; lastKnownFileType = sourcecode.c.h; path = EXView.h; sourceTree = "<group>"; };
		E854588F18C98EB500900C99 /* EXView.mm */ = {isa = PBXFileReference; fileEncoding = 4; lastKnownFileType = sourcecode.cpp.objcpp; path = EXView.mm; sourceTree = "<group>"; };
		E854589118C9AA3B00900C99 /* cmuslyrics-20.tif */ = {isa = PBXFileReference; lastKnownFileType = image.tiff; path = "cmuslyrics-20.tif"; sourceTree = "<group>"; };
		E870C4A018C7E1D600456AF4 /* CMUS Lyrics Plugin.app */ = {isa = PBXFileReference; explicitFileType = wrapper.application; includeInIndex = 0; path = "CMUS Lyrics Plugin.app"; sourceTree = BUILT_PRODUCTS_DIR; };
		E870C4A318C7E1D600456AF4 /* Cocoa.framework */ = {isa = PBXFileReference; lastKnownFileType = wrapper.framework; name = Cocoa.framework; path = System/Library/Frameworks/Cocoa.framework; sourceTree = SDKROOT; };
		E870C4A618C7E1D600456AF4 /* AppKit.framework */ = {isa = PBXFileReference; lastKnownFileType = wrapper.framework; name = AppKit.framework; path = System/Library/Frameworks/AppKit.framework; sourceTree = SDKROOT; };
		E870C4A718C7E1D600456AF4 /* CoreData.framework */ = {isa = PBXFileReference; lastKnownFileType = wrapper.framework; name = CoreData.framework; path = System/Library/Frameworks/CoreData.framework; sourceTree = SDKROOT; };
		E870C4A818C7E1D600456AF4 /* Foundation.framework */ = {isa = PBXFileReference; lastKnownFileType = wrapper.framework; name = Foundation.framework; path = System/Library/Frameworks/Foundation.framework; sourceTree = SDKROOT; };
		E870C4AB18C7E1D600456AF4 /* CMUS Lyrics Plugin-Info.plist */ = {isa = PBXFileReference; lastKnownFileType = text.plist.xml; path = "CMUS Lyrics Plugin-Info.plist"; sourceTree = "<group>"; };
		E870C4AD18C7E1D600456AF4 /* en */ = {isa = PBXFileReference; lastKnownFileType = text.plist.strings; name = en; path = en.lproj/InfoPlist.strings; sourceTree = "<group>"; };
		E870C4AF18C7E1D600456AF4 /* main.mm */ = {isa = PBXFileReference; explicitFileType = sourcecode.cpp.objcpp; path = main.mm; sourceTree = "<group>"; };
		E870C4B118C7E1D600456AF4 /* CMUS Lyrics Plugin-Prefix.pch */ = {isa = PBXFileReference; lastKnownFileType = sourcecode.c.h; path = "CMUS Lyrics Plugin-Prefix.pch"; sourceTree = "<group>"; };
		E870C4B318C7E1D600456AF4 /* en */ = {isa = PBXFileReference; lastKnownFileType = text.rtf; name = en; path = en.lproj/Credits.rtf; sourceTree = "<group>"; };
		E870C4B518C7E1D700456AF4 /* AppDelegate.h */ = {isa = PBXFileReference; lastKnownFileType = sourcecode.c.h; path = AppDelegate.h; sourceTree = "<group>"; };
		E870C4B618C7E1D700456AF4 /* AppDelegate.mm */ = {isa = PBXFileReference; lastKnownFileType = sourcecode.cpp.objcpp; path = AppDelegate.mm; sourceTree = "<group>"; };
		E870C4B918C7E1D700456AF4 /* Base */ = {isa = PBXFileReference; lastKnownFileType = file.xib; name = Base; path = Base.lproj/MainMenu.xib; sourceTree = "<group>"; };
		E870C4BB18C7E1D700456AF4 /* Images.xcassets */ = {isa = PBXFileReference; lastKnownFileType = folder.assetcatalog; path = Images.xcassets; sourceTree = "<group>"; };
		E870C4C218C7E1D700456AF4 /* XCTest.framework */ = {isa = PBXFileReference; lastKnownFileType = wrapper.framework; name = XCTest.framework; path = Library/Frameworks/XCTest.framework; sourceTree = DEVELOPER_DIR; };
		E870C4D718C7E2AF00456AF4 /* Lyrics.cpp */ = {isa = PBXFileReference; explicitFileType = sourcecode.cpp.cpp; fileEncoding = 4; path = Lyrics.cpp; sourceTree = "<group>"; };
		E870C4D818C7E2AF00456AF4 /* Lyrics.h */ = {isa = PBXFileReference; fileEncoding = 4; lastKnownFileType = sourcecode.c.h; path = Lyrics.h; sourceTree = "<group>"; };
		E870C4DD18C81E7F00456AF4 /* CmusStatus.cpp */ = {isa = PBXFileReference; fileEncoding = 4; lastKnownFileType = sourcecode.cpp.cpp; path = CmusStatus.cpp; sourceTree = "<group>"; };
		E870C4DE18C81E7F00456AF4 /* CmusStatus.h */ = {isa = PBXFileReference; fileEncoding = 4; lastKnownFileType = sourcecode.c.h; path = CmusStatus.h; sourceTree = "<group>"; };
/* End PBXFileReference section */

/* Begin PBXFrameworksBuildPhase section */
		E8178EA918CAEB210027BD55 /* Frameworks */ = {
			isa = PBXFrameworksBuildPhase;
			buildActionMask = 2147483647;
			files = (
				E8178EAD18CAEB210027BD55 /* XCTest.framework in Frameworks */,
			);
			runOnlyForDeploymentPostprocessing = 0;
		};
		E870C49D18C7E1D600456AF4 /* Frameworks */ = {
			isa = PBXFrameworksBuildPhase;
			buildActionMask = 2147483647;
			files = (
				E870C4A418C7E1D600456AF4 /* Cocoa.framework in Frameworks */,
			);
			runOnlyForDeploymentPostprocessing = 0;
		};
/* End PBXFrameworksBuildPhase section */

/* Begin PBXGroup section */
		E8178EAE18CAEB210027BD55 /* CMUSLyricsPluginTests */ = {
			isa = PBXGroup;
			children = (
				E8178EB418CAEB210027BD55 /* CMUSLyricsPluginTests.m */,
				E8178EAF18CAEB210027BD55 /* Supporting Files */,
				E8178EBC18CAEB320027BD55 /* LyricsClassTest.mm */,
			);
			path = CMUSLyricsPluginTests;
			sourceTree = "<group>";
		};
		E8178EAF18CAEB210027BD55 /* Supporting Files */ = {
			isa = PBXGroup;
			children = (
				E8178EB018CAEB210027BD55 /* CMUSLyricsPluginTests-Info.plist */,
				E8178EB118CAEB210027BD55 /* InfoPlist.strings */,
				E8178EB618CAEB210027BD55 /* CMUSLyricsPluginTests-Prefix.pch */,
			);
			name = "Supporting Files";
			sourceTree = "<group>";
		};
		E870C49718C7E1D600456AF4 = {
			isa = PBXGroup;
			children = (
				E870C4A918C7E1D600456AF4 /* CMUS Lyrics Plugin */,
				E8178EAE18CAEB210027BD55 /* CMUSLyricsPluginTests */,
				E870C4A218C7E1D600456AF4 /* Frameworks */,
				E870C4A118C7E1D600456AF4 /* Products */,
			);
			sourceTree = "<group>";
		};
		E870C4A118C7E1D600456AF4 /* Products */ = {
			isa = PBXGroup;
			children = (
				E870C4A018C7E1D600456AF4 /* CMUS Lyrics Plugin.app */,
				E8178EAC18CAEB210027BD55 /* CMUSLyricsPluginTests.xctest */,
			);
			name = Products;
			sourceTree = "<group>";
		};
		E870C4A218C7E1D600456AF4 /* Frameworks */ = {
			isa = PBXGroup;
			children = (
				E870C4A318C7E1D600456AF4 /* Cocoa.framework */,
				E870C4C218C7E1D700456AF4 /* XCTest.framework */,
				E870C4A518C7E1D600456AF4 /* Other Frameworks */,
			);
			name = Frameworks;
			sourceTree = "<group>";
		};
		E870C4A518C7E1D600456AF4 /* Other Frameworks */ = {
			isa = PBXGroup;
			children = (
				E870C4A618C7E1D600456AF4 /* AppKit.framework */,
				E870C4A718C7E1D600456AF4 /* CoreData.framework */,
				E870C4A818C7E1D600456AF4 /* Foundation.framework */,
			);
			name = "Other Frameworks";
			sourceTree = "<group>";
		};
		E870C4A918C7E1D600456AF4 /* CMUS Lyrics Plugin */ = {
			isa = PBXGroup;
			children = (
				E854589118C9AA3B00900C99 /* cmuslyrics-20.tif */,
				E870C4B518C7E1D700456AF4 /* AppDelegate.h */,
				E870C4B618C7E1D700456AF4 /* AppDelegate.mm */,
				E870C4B818C7E1D700456AF4 /* MainMenu.xib */,
				E870C4BB18C7E1D700456AF4 /* Images.xcassets */,
				E870C4AA18C7E1D600456AF4 /* Supporting Files */,
				E870C4D818C7E2AF00456AF4 /* Lyrics.h */,
				E870C4D718C7E2AF00456AF4 /* Lyrics.cpp */,
				E870C4DD18C81E7F00456AF4 /* CmusStatus.cpp */,
				E870C4DE18C81E7F00456AF4 /* CmusStatus.h */,
				E854588E18C98EB500900C99 /* EXView.h */,
				E854588F18C98EB500900C99 /* EXView.mm */,
			);
			path = "CMUS Lyrics Plugin";
			sourceTree = "<group>";
		};
		E870C4AA18C7E1D600456AF4 /* Supporting Files */ = {
			isa = PBXGroup;
			children = (
				E870C4AB18C7E1D600456AF4 /* CMUS Lyrics Plugin-Info.plist */,
				E870C4AC18C7E1D600456AF4 /* InfoPlist.strings */,
				E870C4AF18C7E1D600456AF4 /* main.mm */,
				E870C4B118C7E1D600456AF4 /* CMUS Lyrics Plugin-Prefix.pch */,
				E870C4B218C7E1D600456AF4 /* Credits.rtf */,
			);
			name = "Supporting Files";
			sourceTree = "<group>";
		};
/* End PBXGroup section */

/* Begin PBXNativeTarget section */
		E8178EAB18CAEB210027BD55 /* CMUSLyricsPluginTests */ = {
			isa = PBXNativeTarget;
			buildConfigurationList = E8178EB918CAEB210027BD55 /* Build configuration list for PBXNativeTarget "CMUSLyricsPluginTests" */;
			buildPhases = (
				E8178EA818CAEB210027BD55 /* Sources */,
				E8178EA918CAEB210027BD55 /* Frameworks */,
				E8178EAA18CAEB210027BD55 /* Resources */,
			);
			buildRules = (
			);
			dependencies = (
				E8178EB818CAEB210027BD55 /* PBXTargetDependency */,
			);
			name = CMUSLyricsPluginTests;
			productName = CMUSLyricsPluginTests;
			productReference = E8178EAC18CAEB210027BD55 /* CMUSLyricsPluginTests.xctest */;
			productType = "com.apple.product-type.bundle.unit-test";
		};
		E870C49F18C7E1D600456AF4 /* CMUS Lyrics Plugin */ = {
			isa = PBXNativeTarget;
			buildConfigurationList = E870C4D118C7E1D700456AF4 /* Build configuration list for PBXNativeTarget "CMUS Lyrics Plugin" */;
			buildPhases = (
				E870C49C18C7E1D600456AF4 /* Sources */,
				E870C49D18C7E1D600456AF4 /* Frameworks */,
				E870C49E18C7E1D600456AF4 /* Resources */,
			);
			buildRules = (
			);
			dependencies = (
			);
			name = "CMUS Lyrics Plugin";
			productName = "CMUS Lyrics Plugin";
			productReference = E870C4A018C7E1D600456AF4 /* CMUS Lyrics Plugin.app */;
			productType = "com.apple.product-type.application";
		};
/* End PBXNativeTarget section */

/* Begin PBXProject section */
		E870C49818C7E1D600456AF4 /* Project object */ = {
			isa = PBXProject;
			attributes = {
				LastUpgradeCheck = 0500;
				ORGANIZATIONNAME = "Yuwei Huang";
				TargetAttributes = {
					E8178EAB18CAEB210027BD55 = {
						TestTargetID = E870C49F18C7E1D600456AF4;
					};
				};
			};
			buildConfigurationList = E870C49B18C7E1D600456AF4 /* Build configuration list for PBXProject "CMUS Lyrics Plugin" */;
			compatibilityVersion = "Xcode 3.2";
			developmentRegion = English;
			hasScannedForEncodings = 0;
			knownRegions = (
				en,
				Base,
			);
			mainGroup = E870C49718C7E1D600456AF4;
			productRefGroup = E870C4A118C7E1D600456AF4 /* Products */;
			projectDirPath = "";
			projectRoot = "";
			targets = (
				E870C49F18C7E1D600456AF4 /* CMUS Lyrics Plugin */,
				E8178EAB18CAEB210027BD55 /* CMUSLyricsPluginTests */,
			);
		};
/* End PBXProject section */

/* Begin PBXResourcesBuildPhase section */
		E8178EAA18CAEB210027BD55 /* Resources */ = {
			isa = PBXResourcesBuildPhase;
			buildActionMask = 2147483647;
			files = (
				E8178EB318CAEB210027BD55 /* InfoPlist.strings in Resources */,
			);
			runOnlyForDeploymentPostprocessing = 0;
		};
		E870C49E18C7E1D600456AF4 /* Resources */ = {
			isa = PBXResourcesBuildPhase;
			buildActionMask = 2147483647;
			files = (
				E870C4AE18C7E1D600456AF4 /* InfoPlist.strings in Resources */,
				E870C4BC18C7E1D700456AF4 /* Images.xcassets in Resources */,
				E870C4B418C7E1D600456AF4 /* Credits.rtf in Resources */,
				E854589218C9AA3B00900C99 /* cmuslyrics-20.tif in Resources */,
				E870C4BA18C7E1D700456AF4 /* MainMenu.xib in Resources */,
			);
			runOnlyForDeploymentPostprocessing = 0;
		};
/* End PBXResourcesBuildPhase section */

/* Begin PBXSourcesBuildPhase section */
		E8178EA818CAEB210027BD55 /* Sources */ = {
			isa = PBXSourcesBuildPhase;
			buildActionMask = 2147483647;
			files = (
				E8178EBD18CAEB320027BD55 /* LyricsClassTest.mm in Sources */,
				E8178EB518CAEB210027BD55 /* CMUSLyricsPluginTests.m in Sources */,
			);
			runOnlyForDeploymentPostprocessing = 0;
		};
		E870C49C18C7E1D600456AF4 /* Sources */ = {
			isa = PBXSourcesBuildPhase;
			buildActionMask = 2147483647;
			files = (
				E870C4B718C7E1D700456AF4 /* AppDelegate.mm in Sources */,
				E870C4B018C7E1D600456AF4 /* main.mm in Sources */,
				E870C4D918C7E2AF00456AF4 /* Lyrics.cpp in Sources */,
				E870C4DF18C81E7F00456AF4 /* CmusStatus.cpp in Sources */,
				E854589018C98EB500900C99 /* EXView.mm in Sources */,
			);
			runOnlyForDeploymentPostprocessing = 0;
		};
/* End PBXSourcesBuildPhase section */

/* Begin PBXTargetDependency section */
		E8178EB818CAEB210027BD55 /* PBXTargetDependency */ = {
			isa = PBXTargetDependency;
			target = E870C49F18C7E1D600456AF4 /* CMUS Lyrics Plugin */;
			targetProxy = E8178EB718CAEB210027BD55 /* PBXContainerItemProxy */;
		};
/* End PBXTargetDependency section */

/* Begin PBXVariantGroup section */
		E8178EB118CAEB210027BD55 /* InfoPlist.strings */ = {
			isa = PBXVariantGroup;
			children = (
				E8178EB218CAEB210027BD55 /* en */,
			);
			name = InfoPlist.strings;
			sourceTree = "<group>";
		};
		E870C4AC18C7E1D600456AF4 /* InfoPlist.strings */ = {
			isa = PBXVariantGroup;
			children = (
				E870C4AD18C7E1D600456AF4 /* en */,
			);
			name = InfoPlist.strings;
			sourceTree = "<group>";
		};
		E870C4B218C7E1D600456AF4 /* Credits.rtf */ = {
			isa = PBXVariantGroup;
			children = (
				E870C4B318C7E1D600456AF4 /* en */,
			);
			name = Credits.rtf;
			sourceTree = "<group>";
		};
		E870C4B818C7E1D700456AF4 /* MainMenu.xib */ = {
			isa = PBXVariantGroup;
			children = (
				E870C4B918C7E1D700456AF4 /* Base */,
			);
			name = MainMenu.xib;
			sourceTree = "<group>";
		};
/* End PBXVariantGroup section */

/* Begin XCBuildConfiguration section */
		E8178EBA18CAEB210027BD55 /* Debug */ = {
			isa = XCBuildConfiguration;
			buildSettings = {
				BUNDLE_LOADER = "$(BUILT_PRODUCTS_DIR)/CMUS Lyrics Plugin.app/Contents/MacOS/CMUS Lyrics Plugin";
				FRAMEWORK_SEARCH_PATHS = (
					"$(DEVELOPER_FRAMEWORKS_DIR)",
					"$(inherited)",
				);
				GCC_PRECOMPILE_PREFIX_HEADER = YES;
				GCC_PREFIX_HEADER = "CMUSLyricsPluginTests/CMUSLyricsPluginTests-Prefix.pch";
				GCC_PREPROCESSOR_DEFINITIONS = (
					"DEBUG=1",
					"$(inherited)",
				);
				INFOPLIST_FILE = "CMUSLyricsPluginTests/CMUSLyricsPluginTests-Info.plist";
				PRODUCT_NAME = "$(TARGET_NAME)";
				TEST_HOST = "$(BUNDLE_LOADER)";
				WRAPPER_EXTENSION = xctest;
			};
			name = Debug;
		};
		E8178EBB18CAEB210027BD55 /* Release */ = {
			isa = XCBuildConfiguration;
			buildSettings = {
				BUNDLE_LOADER = "$(BUILT_PRODUCTS_DIR)/CMUS Lyrics Plugin.app/Contents/MacOS/CMUS Lyrics Plugin";
				FRAMEWORK_SEARCH_PATHS = (
					"$(DEVELOPER_FRAMEWORKS_DIR)",
					"$(inherited)",
				);
				GCC_PRECOMPILE_PREFIX_HEADER = YES;
				GCC_PREFIX_HEADER = "CMUSLyricsPluginTests/CMUSLyricsPluginTests-Prefix.pch";
				INFOPLIST_FILE = "CMUSLyricsPluginTests/CMUSLyricsPluginTests-Info.plist";
				PRODUCT_NAME = "$(TARGET_NAME)";
				TEST_HOST = "$(BUNDLE_LOADER)";
				WRAPPER_EXTENSION = xctest;
			};
			name = Release;
		};
		E870C4CF18C7E1D700456AF4 /* Debug */ = {
			isa = XCBuildConfiguration;
			buildSettings = {
				ALWAYS_SEARCH_USER_PATHS = NO;
				CLANG_CXX_LANGUAGE_STANDARD = "gnu++0x";
				CLANG_CXX_LIBRARY = "libc++";
				CLANG_ENABLE_OBJC_ARC = YES;
				CLANG_WARN_BOOL_CONVERSION = YES;
				CLANG_WARN_CONSTANT_CONVERSION = YES;
				CLANG_WARN_DIRECT_OBJC_ISA_USAGE = YES_ERROR;
				CLANG_WARN_EMPTY_BODY = YES;
				CLANG_WARN_ENUM_CONVERSION = YES;
				CLANG_WARN_INT_CONVERSION = YES;
				CLANG_WARN_OBJC_ROOT_CLASS = YES_ERROR;
				CLANG_WARN__DUPLICATE_METHOD_MATCH = YES;
				COPY_PHASE_STRIP = NO;
				GCC_C_LANGUAGE_STANDARD = gnu99;
				GCC_DYNAMIC_NO_PIC = NO;
				GCC_ENABLE_OBJC_EXCEPTIONS = YES;
				GCC_OPTIMIZATION_LEVEL = 0;
				GCC_PREPROCESSOR_DEFINITIONS = (
					"DEBUG=1",
					"$(inherited)",
				);
				GCC_SYMBOLS_PRIVATE_EXTERN = NO;
				GCC_WARN_64_TO_32_BIT_CONVERSION = YES;
				GCC_WARN_ABOUT_RETURN_TYPE = YES_ERROR;
				GCC_WARN_UNDECLARED_SELECTOR = YES;
				GCC_WARN_UNINITIALIZED_AUTOS = YES;
				GCC_WARN_UNUSED_FUNCTION = YES;
				GCC_WARN_UNUSED_VARIABLE = YES;
				MACOSX_DEPLOYMENT_TARGET = 10.9;
				ONLY_ACTIVE_ARCH = YES;
				SDKROOT = macosx;
			};
			name = Debug;
		};
		E870C4D018C7E1D700456AF4 /* Release */ = {
			isa = XCBuildConfiguration;
			buildSettings = {
				ALWAYS_SEARCH_USER_PATHS = NO;
				CLANG_CXX_LANGUAGE_STANDARD = "gnu++0x";
				CLANG_CXX_LIBRARY = "libc++";
				CLANG_ENABLE_OBJC_ARC = YES;
				CLANG_WARN_BOOL_CONVERSION = YES;
				CLANG_WARN_CONSTANT_CONVERSION = YES;
				CLANG_WARN_DIRECT_OBJC_ISA_USAGE = YES_ERROR;
				CLANG_WARN_EMPTY_BODY = YES;
				CLANG_WARN_ENUM_CONVERSION = YES;
				CLANG_WARN_INT_CONVERSION = YES;
				CLANG_WARN_OBJC_ROOT_CLASS = YES_ERROR;
				CLANG_WARN__DUPLICATE_METHOD_MATCH = YES;
				COPY_PHASE_STRIP = YES;
				DEBUG_INFORMATION_FORMAT = "dwarf-with-dsym";
				ENABLE_NS_ASSERTIONS = NO;
				GCC_C_LANGUAGE_STANDARD = gnu99;
				GCC_ENABLE_OBJC_EXCEPTIONS = YES;
				GCC_WARN_64_TO_32_BIT_CONVERSION = YES;
				GCC_WARN_ABOUT_RETURN_TYPE = YES_ERROR;
				GCC_WARN_UNDECLARED_SELECTOR = YES;
				GCC_WARN_UNINITIALIZED_AUTOS = YES;
				GCC_WARN_UNUSED_FUNCTION = YES;
				GCC_WARN_UNUSED_VARIABLE = YES;
				MACOSX_DEPLOYMENT_TARGET = 10.9;
				SDKROOT = macosx;
			};
			name = Release;
		};
		E870C4D218C7E1D700456AF4 /* Debug */ = {
			isa = XCBuildConfiguration;
			buildSettings = {
				ASSETCATALOG_COMPILER_APPICON_NAME = AppIcon;
				COMBINE_HIDPI_IMAGES = YES;
				GCC_PRECOMPILE_PREFIX_HEADER = YES;
				GCC_PREFIX_HEADER = "CMUS Lyrics Plugin/CMUS Lyrics Plugin-Prefix.pch";
				INFOPLIST_FILE = "CMUS Lyrics Plugin/CMUS Lyrics Plugin-Info.plist";
				PRODUCT_NAME = "$(TARGET_NAME)";
				WRAPPER_EXTENSION = app;
			};
			name = Debug;
		};
		E870C4D318C7E1D700456AF4 /* Release */ = {
			isa = XCBuildConfiguration;
			buildSettings = {
				ASSETCATALOG_COMPILER_APPICON_NAME = AppIcon;
				COMBINE_HIDPI_IMAGES = YES;
				GCC_PRECOMPILE_PREFIX_HEADER = YES;
				GCC_PREFIX_HEADER = "CMUS Lyrics Plugin/CMUS Lyrics Plugin-Prefix.pch";
				INFOPLIST_FILE = "CMUS Lyrics Plugin/CMUS Lyrics Plugin-Info.plist";
				PRODUCT_NAME = "$(TARGET_NAME)";
				WRAPPER_EXTENSION = app;
			};
			name = Release;
		};
/* End XCBuildConfiguration section */

/* Begin XCConfigurationList section */
		E8178EB918CAEB210027BD55 /* Build configuration list for PBXNativeTarget "CMUSLyricsPluginTests" */ = {
			isa = XCConfigurationList;
			buildConfigurations = (
				E8178EBA18CAEB210027BD55 /* Debug */,
				E8178EBB18CAEB210027BD55 /* Release */,
			);
			defaultConfigurationIsVisible = 0;
		};
		E870C49B18C7E1D600456AF4 /* Build configuration list for PBXProject "CMUS Lyrics Plugin" */ = {
			isa = XCConfigurationList;
			buildConfigurations = (
				E870C4CF18C7E1D700456AF4 /* Debug */,
				E870C4D018C7E1D700456AF4 /* Release */,
			);
			defaultConfigurationIsVisible = 0;
			defaultConfigurationName = Release;
		};
		E870C4D118C7E1D700456AF4 /* Build configuration list for PBXNativeTarget "CMUS Lyrics Plugin" */ = {
			isa = XCConfigurationList;
			buildConfigurations = (
				E870C4D218C7E1D700456AF4 /* Debug */,
				E870C4D318C7E1D700456AF4 /* Release */,
			);
			defaultConfigurationIsVisible = 0;
			defaultConfigurationName = Release;
		};
/* End XCConfigurationList section */
	};
	rootObject = E870C49818C7E1D600456AF4 /* Project object */;
}
